{
  "nodes": {
    "astro-config": {
      "flake": false,
      "locked": {
        "lastModified": 1715003433,
        "narHash": "sha256-IrjZZfVR6c6jc9fPPNFxXzYSovMxinjp7Wu4hUkeiGI=",
        "owner": "Mach1212",
        "repo": "astro_config",
        "rev": "2c6a527c0b9254bfdf932ec40eea4ed674f478cc",
        "type": "github"
      },
      "original": {
        "owner": "Mach1212",
        "repo": "astro_config",
        "type": "github"
      }
    },
    "flake-compat": {
      "flake": false,
      "locked": {
        "lastModified": 1696426674,
        "narHash": "sha256-kvjfFW7WAETZlt09AgDn1MrtKzP7t90Vf7vypd3OL1U=",
        "owner": "edolstra",
        "repo": "flake-compat",
        "rev": "0f9255e01c2351cc7d116c072cb317785dd33b33",
        "type": "github"
      },
      "original": {
        "owner": "edolstra",
        "repo": "flake-compat",
        "type": "github"
      }
    },
    "flake-utils": {
      "inputs": {
        "systems": "systems"
      },
      "locked": {
        "lastModified": 1710146030,
        "narHash": "sha256-SZ5L6eA7HJ/nmkzGG7/ISclqe6oZdOZTNoesiInkXPQ=",
        "owner": "numtide",
        "repo": "flake-utils",
        "rev": "b1d9ab70662946ef0850d488da1c9019f3a9752a",
        "type": "github"
      },
      "original": {
        "owner": "numtide",
        "repo": "flake-utils",
        "type": "github"
      }
    },
    "flake-utils_2": {
      "inputs": {
        "systems": "systems_2"
      },
      "locked": {
        "lastModified": 1705309234,
        "narHash": "sha256-uNRRNRKmJyCRC/8y1RqBkqWBLM034y4qN7EprSdmgyA=",
        "owner": "numtide",
        "repo": "flake-utils",
        "rev": "1ef2e671c3b0c19053962c07dbda38332dcebf26",
        "type": "github"
      },
      "original": {
        "owner": "numtide",
        "repo": "flake-utils",
        "type": "github"
      }
    },
    "home-manager": {
      "inputs": {
        "nixpkgs": [
          "nixpkgs"
        ]
      },
      "locked": {
        "lastModified": 1714515075,
        "narHash": "sha256-azMK7aWH0eUc3IqU4Fg5rwZdB9WZBvimOGG3piqvtsY=",
        "owner": "nix-community",
        "repo": "home-manager",
        "rev": "6d3b6dc9222c12b951169becdf4b0592ee9576ef",
        "type": "github"
      },
      "original": {
        "owner": "nix-community",
        "repo": "home-manager",
        "type": "github"
      }
    },
    "nix-config": {
      "flake": false,
      "locked": {
        "lastModified": 1715367569,
        "narHash": "sha256-IM6so2bEaNt4LkoJdXQyZgibPDExCqRiJoXfqBkBvdk=",
        "owner": "Mach1212",
        "repo": "nix_config",
        "rev": "154de9b884178dfc8dd473f42f12a723abc1d87e",
        "type": "github"
      },
      "original": {
        "owner": "Mach1212",
        "repo": "nix_config",
        "type": "github"
      }
    },
    "nixos-wsl": {
      "inputs": {
        "flake-compat": "flake-compat",
        "flake-utils": "flake-utils",
        "nixpkgs": "nixpkgs"
      },
      "locked": {
        "lastModified": 1714355896,
        "narHash": "sha256-rtv+nJJ12V7w68j8vIcGacfS1yuK1/dBgglSKWzYMTM=",
        "owner": "nix-community",
        "repo": "nixos-wsl",
        "rev": "acb893461a4bee4e77b1a27b1410d4995b52174c",
        "type": "github"
      },
      "original": {
        "owner": "nix-community",
        "repo": "nixos-wsl",
        "type": "github"
      }
    },
    "nixpkgs": {
      "locked": {
        "lastModified": 1714272655,
        "narHash": "sha256-3/ghIWCve93ngkx5eNPdHIKJP/pMzSr5Wc4rNKE1wOc=",
        "owner": "NixOS",
        "repo": "nixpkgs",
        "rev": "12430e43bd9b81a6b4e79e64f87c624ade701eaf",
        "type": "github"
      },
      "original": {
        "owner": "NixOS",
        "ref": "nixos-23.11",
        "repo": "nixpkgs",
        "type": "github"
      }
    },
    "nixpkgs-stable": {
      "locked": {
        "lastModified": 1714858427,
        "narHash": "sha256-tCxeDP4C1pWe2rYY3IIhdA40Ujz32Ufd4tcrHPSKx2M=",
        "owner": "NixOS",
        "repo": "nixpkgs",
        "rev": "b980b91038fc4b09067ef97bbe5ad07eecca1e76",
        "type": "github"
      },
      "original": {
        "owner": "NixOS",
        "ref": "release-23.11",
        "repo": "nixpkgs",
        "type": "github"
      }
    },
    "nixpkgs_2": {
      "locked": {
        "lastModified": 1714253743,
        "narHash": "sha256-mdTQw2XlariysyScCv2tTE45QSU9v/ezLcHJ22f0Nxc=",
        "owner": "nixos",
        "repo": "nixpkgs",
        "rev": "58a1abdbae3217ca6b702f03d3b35125d88a2994",
        "type": "github"
      },
      "original": {
        "owner": "nixos",
        "ref": "nixos-unstable",
        "repo": "nixpkgs",
        "type": "github"
      }
    },
    "nixpkgs_3": {
      "locked": {
        "lastModified": 1706487304,
        "narHash": "sha256-LE8lVX28MV2jWJsidW13D2qrHU/RUUONendL2Q/WlJg=",
        "owner": "NixOS",
        "repo": "nixpkgs",
        "rev": "90f456026d284c22b3e3497be980b2e47d0b28ac",
        "type": "github"
      },
      "original": {
        "owner": "NixOS",
        "ref": "nixpkgs-unstable",
        "repo": "nixpkgs",
        "type": "github"
      }
    },
    "root": {
      "inputs": {
        "astro-config": "astro-config",
        "home-manager": "home-manager",
        "nix-config": "nix-config",
        "nixos-wsl": "nixos-wsl",
        "nixpkgs": "nixpkgs_2",
        "rust-overlay": "rust-overlay",
        "sops-nix": "sops-nix"
      }
    },
    "rust-overlay": {
      "inputs": {
        "flake-utils": "flake-utils_2",
        "nixpkgs": "nixpkgs_3"
      },
      "locked": {
        "lastModified": 1714616033,
        "narHash": "sha256-JcWAjIDl3h0bE/pII0emeHwokTeBl+SWrzwrjoRu7a0=",
        "owner": "oxalica",
        "repo": "rust-overlay",
        "rev": "3e416d5067ba31ff8ac31eeb763e4388bdf45089",
        "type": "github"
      },
      "original": {
        "owner": "oxalica",
        "repo": "rust-overlay",
        "type": "github"
      }
    },
    "sops-nix": {
      "inputs": {
        "nixpkgs": [
          "nixpkgs"
        ],
        "nixpkgs-stable": "nixpkgs-stable"
      },
      "locked": {
        "lastModified": 1715244550,
        "narHash": "sha256-ffOZL3eaZz5Y1nQ9muC36wBCWwS1hSRLhUzlA9hV2oI=",
        "owner": "Mic92",
        "repo": "sops-nix",
        "rev": "0dc50257c00ee3c65fef3a255f6564cfbfe6eb7f",
        "type": "github"
      },
      "original": {
        "owner": "Mic92",
        "repo": "sops-nix",
        "type": "github"
      }
    },
    "systems": {
      "locked": {
        "lastModified": 1681028828,
        "narHash": "sha256-Vy1rq5AaRuLzOxct8nz4T6wlgyUR7zLU309k9mBC768=",
        "owner": "nix-systems",
        "repo": "default",
        "rev": "da67096a3b9bf56a91d16901293e51ba5b49a27e",
        "type": "github"
      },
      "original": {
        "owner": "nix-systems",
        "repo": "default",
        "type": "github"
      }
    },
    "systems_2": {
      "locked": {
        "lastModified": 1681028828,
        "narHash": "sha256-Vy1rq5AaRuLzOxct8nz4T6wlgyUR7zLU309k9mBC768=",
        "owner": "nix-systems",
        "repo": "default",
        "rev": "da67096a3b9bf56a91d16901293e51ba5b49a27e",
        "type": "github"
      },
      "original": {
        "owner": "nix-systems",
        "repo": "default",
        "type": "github"
      }
    }
  },
  "root": "root",
  "version": 7
}
